
Microsoft Visual Studio Solution File, Format Version 12.00
# Visual Studio Version 17
VisualStudioVersion = 17.3.32922.545
MinimumVisualStudioVersion = 10.0.40219.1
Project("{FAE04EC0-301F-11D3-BF4B-00C04F79EFBC}") = "amorphie.core", "amorphie.core\amorphie.core.csproj", "{FD03549A-ED1D-420C-8DE1-B68A85E95539}"
EndProject
Global
	GlobalSection(SolutionConfigurationPlatforms) = preSolution
		Debug|Any CPU = Debug|Any CPU
		Release|Any CPU = Release|Any CPU
	EndGlobalSection
	GlobalSection(ProjectConfigurationPlatforms) = postSolution
		{FD03549A-ED1D-420C-8DE1-B68A85E95539}.Debug|Any CPU.ActiveCfg = Debug|Any CPU
		{FD03549A-ED1D-420C-8DE1-B68A85E95539}.Debug|Any CPU.Build.0 = Debug|Any CPU
		{FD03549A-ED1D-420C-8DE1-B68A85E95539}.Release|Any CPU.ActiveCfg = Release|Any CPU
		{FD03549A-ED1D-420C-8DE1-B68A85E95539}.Release|Any CPU.Build.0 = Release|Any CPU
	EndGlobalSection
	GlobalSection(SolutionProperties) = preSolution
		HideSolutionNode = FALSE
	EndGlobalSection
	GlobalSection(ExtensibilityGlobals) = postSolution
		SolutionGuid = {019E00CE-B1A9-4F62-A9EF-59D16C81DCD9}
	EndGlobalSection
EndGlobal
